
Microsoft Visual Studio Solution File, Format Version 12.00
# Visual Studio Version 17
VisualStudioVersion = 17.3.32929.385
MinimumVisualStudioVersion = 10.0.40219.1
Project("{FAE04EC0-301F-11D3-BF4B-00C04F79EFBC}") = "Retailer_App", "Retailer_App\Retailer_App.csproj", "{4E512434-E06E-4013-A397-38B62E77AB42}"
EndProject
Global
	GlobalSection(SolutionConfigurationPlatforms) = preSolution
		Debug|Any CPU = Debug|Any CPU
		Release|Any CPU = Release|Any CPU
	EndGlobalSection
	GlobalSection(ProjectConfigurationPlatforms) = postSolution
		{4E512434-E06E-4013-A397-38B62E77AB42}.Debug|Any CPU.ActiveCfg = Debug|Any CPU
		{4E512434-E06E-4013-A397-38B62E77AB42}.Debug|Any CPU.Build.0 = Debug|Any CPU
		{4E512434-E06E-4013-A397-38B62E77AB42}.Release|Any CPU.ActiveCfg = Release|Any CPU
		{4E512434-E06E-4013-A397-38B62E77AB42}.Release|Any CPU.Build.0 = Release|Any CPU
	EndGlobalSection
	GlobalSection(SolutionProperties) = preSolution
		HideSolutionNode = FALSE
	EndGlobalSection
	GlobalSection(ExtensibilityGlobals) = postSolution
		SolutionGuid = {EC31C0F8-F748-4808-9CB1-C52BC8100D3E}
	EndGlobalSection
EndGlobal
